{
  "name": "pear",
  "version": "1.0.0",
  "lockfileVersion": 1,
  "requires": true,
  "dependencies": {
    "fisher-yates-shuffle": {
      "version": "0.1.2",
      "resolved": "https://registry.npmjs.org/fisher-yates-shuffle/-/fisher-yates-shuffle-0.1.2.tgz",
      "integrity": "sha1-UXfaOOFH6DzJJB382QYDDCB0iHM="
    }
  }
}
